// !$*UTF8*$!
{
	archiveVersion = 1;
	classes = {
	};
	objectVersion = 77;
	objects = {

/* Begin PBXContainerItemProxy section */
		3FE931B92E2B4B9E00D2D414 /* PBXContainerItemProxy */ = {
			isa = PBXContainerItemProxy;
			containerPortal = 3FE9319A2E2B4B9D00D2D414 /* Project object */;
			proxyType = 1;
			remoteGlobalIDString = 3FE931A12E2B4B9D00D2D414;
			remoteInfo = practiceSaturday;
		};
		3FE931C32E2B4B9E00D2D414 /* PBXContainerItemProxy */ = {
			isa = PBXContainerItemProxy;
			containerPortal = 3FE9319A2E2B4B9D00D2D414 /* Project object */;
			proxyType = 1;
			remoteGlobalIDString = 3FE931A12E2B4B9D00D2D414;
			remoteInfo = practiceSaturday;
		};
/* End PBXContainerItemProxy section */

/* Begin PBXFileReference section */
		3FE931A22E2B4B9D00D2D414 /* practiceSaturday.app */ = {isa = PBXFileReference; explicitFileType = wrapper.application; includeInIndex = 0; path = practiceSaturday.app; sourceTree = BUILT_PRODUCTS_DIR; };
		3FE931B82E2B4B9E00D2D414 /* practiceSaturdayTests.xctest */ = {isa = PBXFileReference; explicitFileType = wrapper.cfbundle; includeInIndex = 0; path = practiceSaturdayTests.xctest; sourceTree = BUILT_PRODUCTS_DIR; };
		3FE931C22E2B4B9E00D2D414 /* practiceSaturdayUITests.xctest */ = {isa = PBXFileReference; explicitFileType = wrapper.cfbundle; includeInIndex = 0; path = practiceSaturdayUITests.xctest; sourceTree = BUILT_PRODUCTS_DIR; };
/* End PBXFileReference section */

/* Begin PBXFileSystemSynchronizedBuildFileExceptionSet section */
		3FE931CA2E2B4B9E00D2D414 /* Exceptions for "practiceSaturday" folder in "practiceSaturday" target */ = {
			isa = PBXFileSystemSynchronizedBuildFileExceptionSet;
			membershipExceptions = (
				Info.plist,
			);
			target = 3FE931A12E2B4B9D00D2D414 /* practiceSaturday */;
		};
/* End PBXFileSystemSynchronizedBuildFileExceptionSet section */

/* Begin PBXFileSystemSynchronizedRootGroup section */
		3FE931A42E2B4B9D00D2D414 /* practiceSaturday */ = {
			isa = PBXFileSystemSynchronizedRootGroup;
			exceptions = (
				3FE931CA2E2B4B9E00D2D414 /* Exceptions for "practiceSaturday" folder in "practiceSaturday" target */,
			);
			path = practiceSaturday;
			sourceTree = "<group>";
		};
		3FE931BB2E2B4B9E00D2D414 /* practiceSaturdayTests */ = {
			isa = PBXFileSystemSynchronizedRootGroup;
			path = practiceSaturdayTests;
			sourceTree = "<group>";
		};
		3FE931C52E2B4B9E00D2D414 /* practiceSaturdayUITests */ = {
			isa = PBXFileSystemSynchronizedRootGroup;
			path = practiceSaturdayUITests;
			sourceTree = "<group>";
		};
/* End PBXFileSystemSynchronizedRootGroup section */

/* Begin PBXFrameworksBuildPhase section */
		3FE9319F2E2B4B9D00D2D414 /* Frameworks */ = {
			isa = PBXFrameworksBuildPhase;
			buildActionMask = 2147483647;
			files = (
			);
			runOnlyForDeploymentPostprocessing = 0;
		};
		3FE931B52E2B4B9E00D2D414 /* Frameworks */ = {
			isa = PBXFrameworksBuildPhase;
			buildActionMask = 2147483647;
			files = (
			);
			runOnlyForDeploymentPostprocessing = 0;
		};
		3FE931BF2E2B4B9E00D2D414 /* Frameworks */ = {
			isa = PBXFrameworksBuildPhase;
			buildActionMask = 2147483647;
			files = (
			);
			runOnlyForDeploymentPostprocessing = 0;
		};
/* End PBXFrameworksBuildPhase section */

/* Begin PBXGroup section */
		3FE931992E2B4B9D00D2D414 = {
			isa = PBXGroup;
			children = (
				3FE931A42E2B4B9D00D2D414 /* practiceSaturday */,
				3FE931BB2E2B4B9E00D2D414 /* practiceSaturdayTests */,
				3FE931C52E2B4B9E00D2D414 /* practiceSaturdayUITests */,
				3FE931A32E2B4B9D00D2D414 /* Products */,
			);
			sourceTree = "<group>";
		};
		3FE931A32E2B4B9D00D2D414 /* Products */ = {
			isa = PBXGroup;
			children = (
				3FE931A22E2B4B9D00D2D414 /* practiceSaturday.app */,
				3FE931B82E2B4B9E00D2D414 /* practiceSaturdayTests.xctest */,
				3FE931C22E2B4B9E00D2D414 /* practiceSaturdayUITests.xctest */,
			);
			name = Products;
			sourceTree = "<group>";
		};
/* End PBXGroup section */

/* Begin PBXNativeTarget section */
		3FE931A12E2B4B9D00D2D414 /* practiceSaturday */ = {
			isa = PBXNativeTarget;
			buildConfigurationList = 3FE931CB2E2B4B9E00D2D414 /* Build configuration list for PBXNativeTarget "practiceSaturday" */;
			buildPhases = (
				3FE9319E2E2B4B9D00D2D414 /* Sources */,
				3FE9319F2E2B4B9D00D2D414 /* Frameworks */,
				3FE931A02E2B4B9D00D2D414 /* Resources */,
			);
			buildRules = (
			);
			dependencies = (
			);
			fileSystemSynchronizedGroups = (
				3FE931A42E2B4B9D00D2D414 /* practiceSaturday */,
			);
			name = practiceSaturday;
			packageProductDependencies = (
			);
			productName = practiceSaturday;
			productReference = 3FE931A22E2B4B9D00D2D414 /* practiceSaturday.app */;
			productType = "com.apple.product-type.application";
		};
		3FE931B72E2B4B9E00D2D414 /* practiceSaturdayTests */ = {
			isa = PBXNativeTarget;
			buildConfigurationList = 3FE931D02E2B4B9E00D2D414 /* Build configuration list for PBXNativeTarget "practiceSaturdayTests" */;
			buildPhases = (
				3FE931B42E2B4B9E00D2D414 /* Sources */,
				3FE931B52E2B4B9E00D2D414 /* Frameworks */,
				3FE931B62E2B4B9E00D2D414 /* Resources */,
			);
			buildRules = (
			);
			dependencies = (
				3FE931BA2E2B4B9E00D2D414 /* PBXTargetDependency */,
			);
			fileSystemSynchronizedGroups = (
				3FE931BB2E2B4B9E00D2D414 /* practiceSaturdayTests */,
			);
			name = practiceSaturdayTests;
			packageProductDependencies = (
			);
			productName = practiceSaturdayTests;
			productReference = 3FE931B82E2B4B9E00D2D414 /* practiceSaturdayTests.xctest */;
			productType = "com.apple.product-type.bundle.unit-test";
		};
		3FE931C12E2B4B9E00D2D414 /* practiceSaturdayUITests */ = {
			isa = PBXNativeTarget;
			buildConfigurationList = 3FE931D32E2B4B9E00D2D414 /* Build configuration list for PBXNativeTarget "practiceSaturdayUITests" */;
			buildPhases = (
				3FE931BE2E2B4B9E00D2D414 /* Sources */,
				3FE931BF2E2B4B9E00D2D414 /* Frameworks */,
				3FE931C02E2B4B9E00D2D414 /* Resources */,
			);
			buildRules = (
			);
			dependencies = (
				3FE931C42E2B4B9E00D2D414 /* PBXTargetDependency */,
			);
			fileSystemSynchronizedGroups = (
				3FE931C52E2B4B9E00D2D414 /* practiceSaturdayUITests */,
			);
			name = practiceSaturdayUITests;
			packageProductDependencies = (
			);
			productName = practiceSaturdayUITests;
			productReference = 3FE931C22E2B4B9E00D2D414 /* practiceSaturdayUITests.xctest */;
			productType = "com.apple.product-type.bundle.ui-testing";
		};
/* End PBXNativeTarget section */

/* Begin PBXProject section */
		3FE9319A2E2B4B9D00D2D414 /* Project object */ = {
			isa = PBXProject;
			attributes = {
				BuildIndependentTargetsInParallel = 1;
				LastSwiftUpdateCheck = 1640;
				LastUpgradeCheck = 1640;
				TargetAttributes = {
					3FE931A12E2B4B9D00D2D414 = {
						CreatedOnToolsVersion = 16.4;
					};
					3FE931B72E2B4B9E00D2D414 = {
						CreatedOnToolsVersion = 16.4;
						TestTargetID = 3FE931A12E2B4B9D00D2D414;
					};
					3FE931C12E2B4B9E00D2D414 = {
						CreatedOnToolsVersion = 16.4;
						TestTargetID = 3FE931A12E2B4B9D00D2D414;
					};
				};
			};
			buildConfigurationList = 3FE9319D2E2B4B9D00D2D414 /* Build configuration list for PBXProject "practiceSaturday" */;
			developmentRegion = en;
			hasScannedForEncodings = 0;
			knownRegions = (
				en,
				Base,
			);
			mainGroup = 3FE931992E2B4B9D00D2D414;
			minimizedProjectReferenceProxies = 1;
			preferredProjectObjectVersion = 77;
			productRefGroup = 3FE931A32E2B4B9D00D2D414 /* Products */;
			projectDirPath = "";
			projectRoot = "";
			targets = (
				3FE931A12E2B4B9D00D2D414 /* practiceSaturday */,
				3FE931B72E2B4B9E00D2D414 /* practiceSaturdayTests */,
				3FE931C12E2B4B9E00D2D414 /* practiceSaturdayUITests */,
			);
		};
/* End PBXProject section */

/* Begin PBXResourcesBuildPhase section */
		3FE931A02E2B4B9D00D2D414 /* Resources */ = {
			isa = PBXResourcesBuildPhase;
			buildActionMask = 2147483647;
			files = (
			);
			runOnlyForDeploymentPostprocessing = 0;
		};
		3FE931B62E2B4B9E00D2D414 /* Resources */ = {
			isa = PBXResourcesBuildPhase;
			buildActionMask = 2147483647;
			files = (
			);
			runOnlyForDeploymentPostprocessing = 0;
		};
		3FE931C02E2B4B9E00D2D414 /* Resources */ = {
			isa = PBXResourcesBuildPhase;
			buildActionMask = 2147483647;
			files = (
			);
			runOnlyForDeploymentPostprocessing = 0;
		};
/* End PBXResourcesBuildPhase section */

/* Begin PBXSourcesBuildPhase section */
		3FE9319E2E2B4B9D00D2D414 /* Sources */ = {
			isa = PBXSourcesBuildPhase;
			buildActionMask = 2147483647;
			files = (
			);
			runOnlyForDeploymentPostprocessing = 0;
		};
		3FE931B42E2B4B9E00D2D414 /* Sources */ = {
			isa = PBXSourcesBuildPhase;
			buildActionMask = 2147483647;
			files = (
			);
			runOnlyForDeploymentPostprocessing = 0;
		};
		3FE931BE2E2B4B9E00D2D414 /* Sources */ = {
			isa = PBXSourcesBuildPhase;
			buildActionMask = 2147483647;
			files = (
			);
			runOnlyForDeploymentPostprocessing = 0;
		};
/* End PBXSourcesBuildPhase section */

/* Begin PBXTargetDependency section */
		3FE931BA2E2B4B9E00D2D414 /* PBXTargetDependency */ = {
			isa = PBXTargetDependency;
			target = 3FE931A12E2B4B9D00D2D414 /* practiceSaturday */;
			targetProxy = 3FE931B92E2B4B9E00D2D414 /* PBXContainerItemProxy */;
		};
		3FE931C42E2B4B9E00D2D414 /* PBXTargetDependency */ = {
			isa = PBXTargetDependency;
			target = 3FE931A12E2B4B9D00D2D414 /* practiceSaturday */;
			targetProxy = 3FE931C32E2B4B9E00D2D414 /* PBXContainerItemProxy */;
		};
/* End PBXTargetDependency section */

/* Begin XCBuildConfiguration section */
		3FE931CC2E2B4B9E00D2D414 /* Debug */ = {
			isa = XCBuildConfiguration;
			buildSettings = {
				ASSETCATALOG_COMPILER_APPICON_NAME = AppIcon;
				ASSETCATALOG_COMPILER_GLOBAL_ACCENT_COLOR_NAME = AccentColor;
				CODE_SIGN_STYLE = Automatic;
				CURRENT_PROJECT_VERSION = 1;
				GENERATE_INFOPLIST_FILE = YES;
				INFOPLIST_FILE = practiceSaturday/Info.plist;
				INFOPLIST_KEY_UIApplicationSupportsIndirectInputEvents = YES;
				INFOPLIST_KEY_UILaunchStoryboardName = LaunchScreen;
				INFOPLIST_KEY_UIMainStoryboardFile = Main;
				INFOPLIST_KEY_UISupportedInterfaceOrientations_iPad = "UIInterfaceOrientationPortrait UIInterfaceOrientationPortraitUpsideDown UIInterfaceOrientationLandscapeLeft UIInterfaceOrientationLandscapeRight";
				INFOPLIST_KEY_UISupportedInterfaceOrientations_iPhone = "UIInterfaceOrientationPortrait UIInterfaceOrientationLandscapeLeft UIInterfaceOrientationLandscapeRight";
				LD_RUNPATH_SEARCH_PATHS = (
					"$(inherited)",
					"@executable_path/Frameworks",
				);
				MARKETING_VERSION = 1.0;
				PRODUCT_BUNDLE_IDENTIFIER = abc.practiceSaturday;
				PRODUCT_NAME = "$(TARGET_NAME)";
				SWIFT_EMIT_LOC_STRINGS = YES;
				SWIFT_VERSION = 5.0;
				TARGETED_DEVICE_FAMILY = "1,2";
			};
			name = Debug;
		};
		3FE931CD2E2B4B9E00D2D414 /* Release */ = {
			isa = XCBuildConfiguration;
			buildSettings = {
				ASSETCATALOG_COMPILER_APPICON_NAME = AppIcon;
				ASSETCATALOG_COMPILER_GLOBAL_ACCENT_COLOR_NAME = AccentColor;
				CODE_SIGN_STYLE = Automatic;
				CURRENT_PROJECT_VERSION = 1;
				GENERATE_INFOPLIST_FILE = YES;
				INFOPLIST_FILE = practiceSaturday/Info.plist;
				INFOPLIST_KEY_UIApplicationSupportsIndirectInputEvents = YES;
				INFOPLIST_KEY_UILaunchStoryboardName = LaunchScreen;
				INFOPLIST_KEY_UIMainStoryboardFile = Main;
				INFOPLIST_KEY_UISupportedInterfaceOrientations_iPad = "UIInterfaceOrientationPortrait UIInterfaceOrientationPortraitUpsideDown UIInterfaceOrientationLandscapeLeft UIInterfaceOrientationLandscapeRight";
				INFOPLIST_KEY_UISupportedInterfaceOrientations_iPhone = "UIInterfaceOrientationPortrait UIInterfaceOrientationLandscapeLeft UIInterfaceOrientationLandscapeRight";
				LD_RUNPATH_SEARCH_PATHS = (
					"$(inherited)",
					"@executable_path/Frameworks",
				);
				MARKETING_VERSION = 1.0;
				PRODUCT_BUNDLE_IDENTIFIER = abc.practiceSaturday;
				PRODUCT_NAME = "$(TARGET_NAME)";
				SWIFT_EMIT_LOC_STRINGS = YES;
				SWIFT_VERSION = 5.0;
				TARGETED_DEVICE_FAMILY = "1,2";
			};
			name = Release;
		};
		3FE931CE2E2B4B9E00D2D414 /* Debug */ = {
			isa = XCBuildConfiguration;
			buildSettings = {
				ALWAYS_SEARCH_USER_PATHS = NO;
				ASSETCATALOG_COMPILER_GENERATE_SWIFT_ASSET_SYMBOL_EXTENSIONS = YES;
				CLANG_ANALYZER_NONNULL = YES;
				CLANG_ANALYZER_NUMBER_OBJECT_CONVERSION = YES_AGGRESSIVE;
				CLANG_CXX_LANGUAGE_STANDARD = "gnu++20";
				CLANG_ENABLE_MODULES = YES;
				CLANG_ENABLE_OBJC_ARC = YES;
				CLANG_ENABLE_OBJC_WEAK = YES;
				CLANG_WARN_BLOCK_CAPTURE_AUTORELEASING = YES;
				CLANG_WARN_BOOL_CONVERSION = YES;
				CLANG_WARN_COMMA = YES;
				CLANG_WARN_CONSTANT_CONVERSION = YES;
				CLANG_WARN_DEPRECATED_OBJC_IMPLEMENTATIONS = YES;
				CLANG_WARN_DIRECT_OBJC_ISA_USAGE = YES_ERROR;
				CLANG_WARN_DOCUMENTATION_COMMENTS = YES;
				CLANG_WARN_EMPTY_BODY = YES;
				CLANG_WARN_ENUM_CONVERSION = YES;
				CLANG_WARN_INFINITE_RECURSION = YES;
				CLANG_WARN_INT_CONVERSION = YES;
				CLANG_WARN_NON_LITERAL_NULL_CONVERSION = YES;
				CLANG_WARN_OBJC_IMPLICIT_RETAIN_SELF = YES;
				CLANG_WARN_OBJC_LITERAL_CONVERSION = YES;
				CLANG_WARN_OBJC_ROOT_CLASS = YES_ERROR;
				CLANG_WARN_QUOTED_INCLUDE_IN_FRAMEWORK_HEADER = YES;
				CLANG_WARN_RANGE_LOOP_ANALYSIS = YES;
				CLANG_WARN_STRICT_PROTOTYPES = YES;
				CLANG_WARN_SUSPICIOUS_MOVE = YES;
				CLANG_WARN_UNGUARDED_AVAILABILITY = YES_AGGRESSIVE;
				CLANG_WARN_UNREACHABLE_CODE = YES;
				CLANG_WARN__DUPLICATE_METHOD_MATCH = YES;
				COPY_PHASE_STRIP = NO;
				DEBUG_INFORMATION_FORMAT = dwarf;
				ENABLE_STRICT_OBJC_MSGSEND = YES;
				ENABLE_TESTABILITY = YES;
				ENABLE_USER_SCRIPT_SANDBOXING = YES;
				GCC_C_LANGUAGE_STANDARD = gnu17;
				GCC_DYNAMIC_NO_PIC = NO;
				GCC_NO_COMMON_BLOCKS = YES;
				GCC_OPTIMIZATION_LEVEL = 0;
				GCC_PREPROCESSOR_DEFINITIONS = (
					"DEBUG=1",
					"$(inherited)",
				);
				GCC_WARN_64_TO_32_BIT_CONVERSION = YES;
				GCC_WARN_ABOUT_RETURN_TYPE = YES_ERROR;
				GCC_WARN_UNDECLARED_SELECTOR = YES;
				GCC_WARN_UNINITIALIZED_AUTOS = YES_AGGRESSIVE;
				GCC_WARN_UNUSED_FUNCTION = YES;
				GCC_WARN_UNUSED_VARIABLE = YES;
				IPHONEOS_DEPLOYMENT_TARGET = 18.5;
				LOCALIZATION_PREFERS_STRING_CATALOGS = YES;
				MTL_ENABLE_DEBUG_INFO = INCLUDE_SOURCE;
				MTL_FAST_MATH = YES;
				ONLY_ACTIVE_ARCH = YES;
				SDKROOT = iphoneos;
				SWIFT_ACTIVE_COMPILATION_CONDITIONS = "DEBUG $(inherited)";
				SWIFT_OPTIMIZATION_LEVEL = "-Onone";
			};
			name = Debug;
		};
		3FE931CF2E2B4B9E00D2D414 /* Release */ = {
			isa = XCBuildConfiguration;
			buildSettings = {
				ALWAYS_SEARCH_USER_PATHS = NO;
				ASSETCATALOG_COMPILER_GENERATE_SWIFT_ASSET_SYMBOL_EXTENSIONS = YES;
				CLANG_ANALYZER_NONNULL = YES;
				CLANG_ANALYZER_NUMBER_OBJECT_CONVERSION = YES_AGGRESSIVE;
				CLANG_CXX_LANGUAGE_STANDARD = "gnu++20";
				CLANG_ENABLE_MODULES = YES;
				CLANG_ENABLE_OBJC_ARC = YES;
				CLANG_ENABLE_OBJC_WEAK = YES;
				CLANG_WARN_BLOCK_CAPTURE_AUTORELEASING = YES;
				CLANG_WARN_BOOL_CONVERSION = YES;
				CLANG_WARN_COMMA = YES;
				CLANG_WARN_CONSTANT_CONVERSION = YES;
				CLANG_WARN_DEPRECATED_OBJC_IMPLEMENTATIONS = YES;
				CLANG_WARN_DIRECT_OBJC_ISA_USAGE = YES_ERROR;
				CLANG_WARN_DOCUMENTATION_COMMENTS = YES;
				CLANG_WARN_EMPTY_BODY = YES;
				CLANG_WARN_ENUM_CONVERSION = YES;
				CLANG_WARN_INFINITE_RECURSION = YES;
				CLANG_WARN_INT_CONVERSION = YES;
				CLANG_WARN_NON_LITERAL_NULL_CONVERSION = YES;
				CLANG_WARN_OBJC_IMPLICIT_RETAIN_SELF = YES;
				CLANG_WARN_OBJC_LITERAL_CONVERSION = YES;
				CLANG_WARN_OBJC_ROOT_CLASS = YES_ERROR;
				CLANG_WARN_QUOTED_INCLUDE_IN_FRAMEWORK_HEADER = YES;
				CLANG_WARN_RANGE_LOOP_ANALYSIS = YES;
				CLANG_WARN_STRICT_PROTOTYPES = YES;
				CLANG_WARN_SUSPICIOUS_MOVE = YES;
				CLANG_WARN_UNGUARDED_AVAILABILITY = YES_AGGRESSIVE;
				CLANG_WARN_UNREACHABLE_CODE = YES;
				CLANG_WARN__DUPLICATE_METHOD_MATCH = YES;
				COPY_PHASE_STRIP = NO;
				DEBUG_INFORMATION_FORMAT = "dwarf-with-dsym";
				ENABLE_NS_ASSERTIONS = NO;
				ENABLE_STRICT_OBJC_MSGSEND = YES;
				ENABLE_USER_SCRIPT_SANDBOXING = YES;
				GCC_C_LANGUAGE_STANDARD = gnu17;
				GCC_NO_COMMON_BLOCKS = YES;
				GCC_WARN_64_TO_32_BIT_CONVERSION = YES;
				GCC_WARN_ABOUT_RETURN_TYPE = YES_ERROR;
				GCC_WARN_UNDECLARED_SELECTOR = YES;
				GCC_WARN_UNINITIALIZED_AUTOS = YES_AGGRESSIVE;
				GCC_WARN_UNUSED_FUNCTION = YES;
				GCC_WARN_UNUSED_VARIABLE = YES;
				IPHONEOS_DEPLOYMENT_TARGET = 18.5;
				LOCALIZATION_PREFERS_STRING_CATALOGS = YES;
				MTL_ENABLE_DEBUG_INFO = NO;
				MTL_FAST_MATH = YES;
				SDKROOT = iphoneos;
				SWIFT_COMPILATION_MODE = wholemodule;
				VALIDATE_PRODUCT = YES;
			};
			name = Release;
		};
		3FE931D12E2B4B9E00D2D414 /* Debug */ = {
			isa = XCBuildConfiguration;
			buildSettings = {
				BUNDLE_LOADER = "$(TEST_HOST)";
				CODE_SIGN_STYLE = Automatic;
				CURRENT_PROJECT_VERSION = 1;
				GENERATE_INFOPLIST_FILE = YES;
				IPHONEOS_DEPLOYMENT_TARGET = 18.5;
				MARKETING_VERSION = 1.0;
				PRODUCT_BUNDLE_IDENTIFIER = abc.practiceSaturdayTests;
				PRODUCT_NAME = "$(TARGET_NAME)";
				SWIFT_EMIT_LOC_STRINGS = NO;
				SWIFT_VERSION = 5.0;
				TARGETED_DEVICE_FAMILY = "1,2";
				TEST_HOST = "$(BUILT_PRODUCTS_DIR)/practiceSaturday.app/$(BUNDLE_EXECUTABLE_FOLDER_PATH)/practiceSaturday";
			};
			name = Debug;
		};
		3FE931D22E2B4B9E00D2D414 /* Release */ = {
			isa = XCBuildConfiguration;
			buildSettings = {
				BUNDLE_LOADER = "$(TEST_HOST)";
				CODE_SIGN_STYLE = Automatic;
				CURRENT_PROJECT_VERSION = 1;
				GENERATE_INFOPLIST_FILE = YES;
				IPHONEOS_DEPLOYMENT_TARGET = 18.5;
				MARKETING_VERSION = 1.0;
				PRODUCT_BUNDLE_IDENTIFIER = abc.practiceSaturdayTests;
				PRODUCT_NAME = "$(TARGET_NAME)";
				SWIFT_EMIT_LOC_STRINGS = NO;
				SWIFT_VERSION = 5.0;
				TARGETED_DEVICE_FAMILY = "1,2";
				TEST_HOST = "$(BUILT_PRODUCTS_DIR)/practiceSaturday.app/$(BUNDLE_EXECUTABLE_FOLDER_PATH)/practiceSaturday";
			};
			name = Release;
		};
		3FE931D42E2B4B9E00D2D414 /* Debug */ = {
			isa = XCBuildConfiguration;
			buildSettings = {
				CODE_SIGN_STYLE = Automatic;
				CURRENT_PROJECT_VERSION = 1;
				GENERATE_INFOPLIST_FILE = YES;
				MARKETING_VERSION = 1.0;
				PRODUCT_BUNDLE_IDENTIFIER = abc.practiceSaturdayUITests;
				PRODUCT_NAME = "$(TARGET_NAME)";
				SWIFT_EMIT_LOC_STRINGS = NO;
				SWIFT_VERSION = 5.0;
				TARGETED_DEVICE_FAMILY = "1,2";
				TEST_TARGET_NAME = practiceSaturday;
			};
			name = Debug;
		};
		3FE931D52E2B4B9E00D2D414 /* Release */ = {
			isa = XCBuildConfiguration;
			buildSettings = {
				CODE_SIGN_STYLE = Automatic;
				CURRENT_PROJECT_VERSION = 1;
				GENERATE_INFOPLIST_FILE = YES;
				MARKETING_VERSION = 1.0;
				PRODUCT_BUNDLE_IDENTIFIER = abc.practiceSaturdayUITests;
				PRODUCT_NAME = "$(TARGET_NAME)";
				SWIFT_EMIT_LOC_STRINGS = NO;
				SWIFT_VERSION = 5.0;
				TARGETED_DEVICE_FAMILY = "1,2";
				TEST_TARGET_NAME = practiceSaturday;
			};
			name = Release;
		};
/* End XCBuildConfiguration section */

/* Begin XCConfigurationList section */
		3FE9319D2E2B4B9D00D2D414 /* Build configuration list for PBXProject "practiceSaturday" */ = {
			isa = XCConfigurationList;
			buildConfigurations = (
				3FE931CE2E2B4B9E00D2D414 /* Debug */,
				3FE931CF2E2B4B9E00D2D414 /* Release */,
			);
			defaultConfigurationIsVisible = 0;
			defaultConfigurationName = Release;
		};
		3FE931CB2E2B4B9E00D2D414 /* Build configuration list for PBXNativeTarget "practiceSaturday" */ = {
			isa = XCConfigurationList;
			buildConfigurations = (
				3FE931CC2E2B4B9E00D2D414 /* Debug */,
				3FE931CD2E2B4B9E00D2D414 /* Release */,
			);
			defaultConfigurationIsVisible = 0;
			defaultConfigurationName = Release;
		};
		3FE931D02E2B4B9E00D2D414 /* Build configuration list for PBXNativeTarget "practiceSaturdayTests" */ = {
			isa = XCConfigurationList;
			buildConfigurations = (
				3FE931D12E2B4B9E00D2D414 /* Debug */,
				3FE931D22E2B4B9E00D2D414 /* Release */,
			);
			defaultConfigurationIsVisible = 0;
			defaultConfigurationName = Release;
		};
		3FE931D32E2B4B9E00D2D414 /* Build configuration list for PBXNativeTarget "practiceSaturdayUITests" */ = {
			isa = XCConfigurationList;
			buildConfigurations = (
				3FE931D42E2B4B9E00D2D414 /* Debug */,
				3FE931D52E2B4B9E00D2D414 /* Release */,
			);
			defaultConfigurationIsVisible = 0;
			defaultConfigurationName = Release;
		};
/* End XCConfigurationList section */
	};
	rootObject = 3FE9319A2E2B4B9D00D2D414 /* Project object */;
}
